
Microsoft Visual Studio Solution File, Format Version 12.00
# Visual Studio Version 17
VisualStudioVersion = 17.8.34316.72
MinimumVisualStudioVersion = 10.0.40219.1
Project("{9A19103F-16F7-4668-BE54-9A1E7A4F7556}") = "UserApi", "UserApi\UserApi.csproj", "{D908B9CE-D15F-4DA3-8FA6-CBB0BCDF3ED0}"
EndProject
Project("{2150E333-8FDC-42A3-9474-1A3956D46DE8}") = "Элементы решения", "Элементы решения", "{94CF9925-1460-4B85-93CE-68026800201D}"
EndProject
Project("{FAE04EC0-301F-11D3-BF4B-00C04F79EFBC}") = "UserApi.Tests", "UserApi.Tests\UserApi.Tests.csproj", "{10229BBF-9E51-4743-B361-1F9F490F4601}"
EndProject
Global
	GlobalSection(SolutionConfigurationPlatforms) = preSolution
		Debug|Any CPU = Debug|Any CPU
		Release|Any CPU = Release|Any CPU
	EndGlobalSection
	GlobalSection(ProjectConfigurationPlatforms) = postSolution
		{D908B9CE-D15F-4DA3-8FA6-CBB0BCDF3ED0}.Debug|Any CPU.ActiveCfg = Debug|Any CPU
		{D908B9CE-D15F-4DA3-8FA6-CBB0BCDF3ED0}.Debug|Any CPU.Build.0 = Debug|Any CPU
		{D908B9CE-D15F-4DA3-8FA6-CBB0BCDF3ED0}.Release|Any CPU.ActiveCfg = Release|Any CPU
		{D908B9CE-D15F-4DA3-8FA6-CBB0BCDF3ED0}.Release|Any CPU.Build.0 = Release|Any CPU
		{10229BBF-9E51-4743-B361-1F9F490F4601}.Debug|Any CPU.ActiveCfg = Debug|Any CPU
		{10229BBF-9E51-4743-B361-1F9F490F4601}.Debug|Any CPU.Build.0 = Debug|Any CPU
		{10229BBF-9E51-4743-B361-1F9F490F4601}.Release|Any CPU.ActiveCfg = Release|Any CPU
		{10229BBF-9E51-4743-B361-1F9F490F4601}.Release|Any CPU.Build.0 = Release|Any CPU
	EndGlobalSection
	GlobalSection(SolutionProperties) = preSolution
		HideSolutionNode = FALSE
	EndGlobalSection
	GlobalSection(ExtensibilityGlobals) = postSolution
		SolutionGuid = {D38654FC-DE2E-4F35-92F0-BA537B9FDC9B}
	EndGlobalSection
EndGlobal
